
Microsoft Visual Studio Solution File, Format Version 12.00
# Visual Studio Version 17
VisualStudioVersion = 17.13.35806.99 d17.13
MinimumVisualStudioVersion = 10.0.40219.1
Project("{FAE04EC0-301F-11D3-BF4B-00C04F79EFBC}") = "Tabungan Ceritanya V2", "Tabungan Ceritanya V2\Tabungan Ceritanya V2.csproj", "{BAD3AF49-88A6-4C6F-A345-CEDE69743A1D}"
EndProject
Global
	GlobalSection(SolutionConfigurationPlatforms) = preSolution
		Debug|Any CPU = Debug|Any CPU
		Release|Any CPU = Release|Any CPU
	EndGlobalSection
	GlobalSection(ProjectConfigurationPlatforms) = postSolution
		{BAD3AF49-88A6-4C6F-A345-CEDE69743A1D}.Debug|Any CPU.ActiveCfg = Debug|Any CPU
		{BAD3AF49-88A6-4C6F-A345-CEDE69743A1D}.Debug|Any CPU.Build.0 = Debug|Any CPU
		{BAD3AF49-88A6-4C6F-A345-CEDE69743A1D}.Release|Any CPU.ActiveCfg = Release|Any CPU
		{BAD3AF49-88A6-4C6F-A345-CEDE69743A1D}.Release|Any CPU.Build.0 = Release|Any CPU
	EndGlobalSection
	GlobalSection(SolutionProperties) = preSolution
		HideSolutionNode = FALSE
	EndGlobalSection
	GlobalSection(ExtensibilityGlobals) = postSolution
		SolutionGuid = {C3FBAE69-50FD-4587-A381-C9140B4225AD}
	EndGlobalSection
EndGlobal
